
Microsoft Visual Studio Solution File, Format Version 12.00
# Visual Studio Version 16
VisualStudioVersion = 16.0.31911.196
MinimumVisualStudioVersion = 10.0.40219.1
Project("{FAE04EC0-301F-11D3-BF4B-00C04F79EFBC}") = "Buecherei", "Buecherei.csproj", "{1BC5405D-0D4B-4742-9317-5D3349054EC5}"
EndProject
Global
	GlobalSection(SolutionConfigurationPlatforms) = preSolution
		Debug|Any CPU = Debug|Any CPU
		Release|Any CPU = Release|Any CPU
	EndGlobalSection
	GlobalSection(ProjectConfigurationPlatforms) = postSolution
		{1BC5405D-0D4B-4742-9317-5D3349054EC5}.Debug|Any CPU.ActiveCfg = Debug|Any CPU
		{1BC5405D-0D4B-4742-9317-5D3349054EC5}.Debug|Any CPU.Build.0 = Debug|Any CPU
		{1BC5405D-0D4B-4742-9317-5D3349054EC5}.Release|Any CPU.ActiveCfg = Release|Any CPU
		{1BC5405D-0D4B-4742-9317-5D3349054EC5}.Release|Any CPU.Build.0 = Release|Any CPU
	EndGlobalSection
	GlobalSection(SolutionProperties) = preSolution
		HideSolutionNode = FALSE
	EndGlobalSection
	GlobalSection(ExtensibilityGlobals) = postSolution
		SolutionGuid = {7BA3C644-EC8E-444B-B39C-22B9C8576176}
	EndGlobalSection
EndGlobal
